// !$*UTF8*$!
{
	archiveVersion = 1;
	classes = {
	};
	objectVersion = 50;
	objects = {

/* Begin PBXBuildFile section */
		D88958A62535EA5E00D1D78D /* AppDelegate.swift in Sources */ = {isa = PBXBuildFile; fileRef = D88958A52535EA5E00D1D78D /* AppDelegate.swift */; };
		D88958A82535EA5E00D1D78D /* SceneDelegate.swift in Sources */ = {isa = PBXBuildFile; fileRef = D88958A72535EA5E00D1D78D /* SceneDelegate.swift */; };
		D88958AA2535EA5E00D1D78D /* ViewController.swift in Sources */ = {isa = PBXBuildFile; fileRef = D88958A92535EA5E00D1D78D /* ViewController.swift */; };
		D88958AD2535EA5E00D1D78D /* Main.storyboard in Resources */ = {isa = PBXBuildFile; fileRef = D88958AB2535EA5E00D1D78D /* Main.storyboard */; };
		D88958AF2535EA5F00D1D78D /* Assets.xcassets in Resources */ = {isa = PBXBuildFile; fileRef = D88958AE2535EA5F00D1D78D /* Assets.xcassets */; };
		D88958B22535EA5F00D1D78D /* LaunchScreen.storyboard in Resources */ = {isa = PBXBuildFile; fileRef = D88958B02535EA5F00D1D78D /* LaunchScreen.storyboard */; };
		D88958BD2535EE0F00D1D78D /* art.scnassets in Resources */ = {isa = PBXBuildFile; fileRef = D88958BC2535EE0F00D1D78D /* art.scnassets */; };
/* End PBXBuildFile section */

/* Begin PBXFileReference section */
		D88958A22535EA5E00D1D78D /* Load3dModel.app */ = {isa = PBXFileReference; explicitFileType = wrapper.application; includeInIndex = 0; path = Load3dModel.app; sourceTree = BUILT_PRODUCTS_DIR; };
		D88958A52535EA5E00D1D78D /* AppDelegate.swift */ = {isa = PBXFileReference; lastKnownFileType = sourcecode.swift; path = AppDelegate.swift; sourceTree = "<group>"; };
		D88958A72535EA5E00D1D78D /* SceneDelegate.swift */ = {isa = PBXFileReference; lastKnownFileType = sourcecode.swift; path = SceneDelegate.swift; sourceTree = "<group>"; };
		D88958A92535EA5E00D1D78D /* ViewController.swift */ = {isa = PBXFileReference; lastKnownFileType = sourcecode.swift; path = ViewController.swift; sourceTree = "<group>"; };
		D88958AC2535EA5E00D1D78D /* Base */ = {isa = PBXFileReference; lastKnownFileType = file.storyboard; name = Base; path = Base.lproj/Main.storyboard; sourceTree = "<group>"; };
		D88958AE2535EA5F00D1D78D /* Assets.xcassets */ = {isa = PBXFileReference; lastKnownFileType = folder.assetcatalog; path = Assets.xcassets; sourceTree = "<group>"; };
		D88958B12535EA5F00D1D78D /* Base */ = {isa = PBXFileReference; lastKnownFileType = file.storyboard; name = Base; path = Base.lproj/LaunchScreen.storyboard; sourceTree = "<group>"; };
		D88958B32535EA5F00D1D78D /* Info.plist */ = {isa = PBXFileReference; lastKnownFileType = text.plist.xml; path = Info.plist; sourceTree = "<group>"; };
		D88958BC2535EE0F00D1D78D /* art.scnassets */ = {isa = PBXFileReference; lastKnownFileType = wrapper.scnassets; path = art.scnassets; sourceTree = "<group>"; };
/* End PBXFileReference section */

/* Begin PBXFrameworksBuildPhase section */
		D889589F2535EA5E00D1D78D /* Frameworks */ = {
			isa = PBXFrameworksBuildPhase;
			buildActionMask = 2147483647;
			files = (
			);
			runOnlyForDeploymentPostprocessing = 0;
		};
/* End PBXFrameworksBuildPhase section */

/* Begin PBXGroup section */
		D88958992535EA5E00D1D78D = {
			isa = PBXGroup;
			children = (
				D88958A42535EA5E00D1D78D /* Load3dModel */,
				D88958A32535EA5E00D1D78D /* Products */,
			);
			sourceTree = "<group>";
		};
		D88958A32535EA5E00D1D78D /* Products */ = {
			isa = PBXGroup;
			children = (
				D88958A22535EA5E00D1D78D /* Load3dModel.app */,
			);
			name = Products;
			sourceTree = "<group>";
		};
		D88958A42535EA5E00D1D78D /* Load3dModel */ = {
			isa = PBXGroup;
			children = (
				D88958BC2535EE0F00D1D78D /* art.scnassets */,
				D88958A52535EA5E00D1D78D /* AppDelegate.swift */,
				D88958A72535EA5E00D1D78D /* SceneDelegate.swift */,
				D88958A92535EA5E00D1D78D /* ViewController.swift */,
				D88958AB2535EA5E00D1D78D /* Main.storyboard */,
				D88958AE2535EA5F00D1D78D /* Assets.xcassets */,
				D88958B02535EA5F00D1D78D /* LaunchScreen.storyboard */,
				D88958B32535EA5F00D1D78D /* Info.plist */,
			);
			path = Load3dModel;
			sourceTree = "<group>";
		};
/* End PBXGroup section */

/* Begin PBXNativeTarget section */
		D88958A12535EA5E00D1D78D /* Load3dModel */ = {
			isa = PBXNativeTarget;
			buildConfigurationList = D88958B62535EA5F00D1D78D /* Build configuration list for PBXNativeTarget "Load3dModel" */;
			buildPhases = (
				D889589E2535EA5E00D1D78D /* Sources */,
				D889589F2535EA5E00D1D78D /* Frameworks */,
				D88958A02535EA5E00D1D78D /* Resources */,
			);
			buildRules = (
			);
			dependencies = (
			);
			name = Load3dModel;
			productName = Load3dModel;
			productReference = D88958A22535EA5E00D1D78D /* Load3dModel.app */;
			productType = "com.apple.product-type.application";
		};
/* End PBXNativeTarget section */

/* Begin PBXProject section */
		D889589A2535EA5E00D1D78D /* Project object */ = {
			isa = PBXProject;
			attributes = {
				LastSwiftUpdateCheck = 1160;
				LastUpgradeCheck = 1160;
				ORGANIZATIONNAME = "Nguyen Le Chan Nam";
				TargetAttributes = {
					D88958A12535EA5E00D1D78D = {
						CreatedOnToolsVersion = 11.6;
					};
				};
			};
			buildConfigurationList = D889589D2535EA5E00D1D78D /* Build configuration list for PBXProject "Load3dModel" */;
			compatibilityVersion = "Xcode 9.3";
			developmentRegion = en;
			hasScannedForEncodings = 0;
			knownRegions = (
				en,
				Base,
			);
			mainGroup = D88958992535EA5E00D1D78D;
			productRefGroup = D88958A32535EA5E00D1D78D /* Products */;
			projectDirPath = "";
			projectRoot = "";
			targets = (
				D88958A12535EA5E00D1D78D /* Load3dModel */,
			);
		};
/* End PBXProject section */

/* Begin PBXResourcesBuildPhase section */
		D88958A02535EA5E00D1D78D /* Resources */ = {
			isa = PBXResourcesBuildPhase;
			buildActionMask = 2147483647;
			files = (
				D88958B22535EA5F00D1D78D /* LaunchScreen.storyboard in Resources */,
				D88958AF2535EA5F00D1D78D /* Assets.xcassets in Resources */,
				D88958BD2535EE0F00D1D78D /* art.scnassets in Resources */,
				D88958AD2535EA5E00D1D78D /* Main.storyboard in Resources */,
			);
			runOnlyForDeploymentPostprocessing = 0;
		};
/* End PBXResourcesBuildPhase section */

/* Begin PBXSourcesBuildPhase section */
		D889589E2535EA5E00D1D78D /* Sources */ = {
			isa = PBXSourcesBuildPhase;
			buildActionMask = 2147483647;
			files = (
				D88958AA2535EA5E00D1D78D /* ViewController.swift in Sources */,
				D88958A62535EA5E00D1D78D /* AppDelegate.swift in Sources */,
				D88958A82535EA5E00D1D78D /* SceneDelegate.swift in Sources */,
			);
			runOnlyForDeploymentPostprocessing = 0;
		};
/* End PBXSourcesBuildPhase section */

/* Begin PBXVariantGroup section */
		D88958AB2535EA5E00D1D78D /* Main.storyboard */ = {
			isa = PBXVariantGroup;
			children = (
				D88958AC2535EA5E00D1D78D /* Base */,
			);
			name = Main.storyboard;
			sourceTree = "<group>";
		};
		D88958B02535EA5F00D1D78D /* LaunchScreen.storyboard */ = {
			isa = PBXVariantGroup;
			children = (
				D88958B12535EA5F00D1D78D /* Base */,
			);
			name = LaunchScreen.storyboard;
			sourceTree = "<group>";
		};
/* End PBXVariantGroup section */

/* Begin XCBuildConfiguration section */
		D88958B42535EA5F00D1D78D /* Debug */ = {
			isa = XCBuildConfiguration;
			buildSettings = {
				ALWAYS_SEARCH_USER_PATHS = NO;
				CLANG_ANALYZER_NONNULL = YES;
				CLANG_ANALYZER_NUMBER_OBJECT_CONVERSION = YES_AGGRESSIVE;
				CLANG_CXX_LANGUAGE_STANDARD = "gnu++14";
				CLANG_CXX_LIBRARY = "libc++";
				CLANG_ENABLE_MODULES = YES;
				CLANG_ENABLE_OBJC_ARC = YES;
				CLANG_ENABLE_OBJC_WEAK = YES;
				CLANG_WARN_BLOCK_CAPTURE_AUTORELEASING = YES;
				CLANG_WARN_BOOL_CONVERSION = YES;
				CLANG_WARN_COMMA = YES;
				CLANG_WARN_CONSTANT_CONVERSION = YES;
				CLANG_WARN_DEPRECATED_OBJC_IMPLEMENTATIONS = YES;
				CLANG_WARN_DIRECT_OBJC_ISA_USAGE = YES_ERROR;
				CLANG_WARN_DOCUMENTATION_COMMENTS = YES;
				CLANG_WARN_EMPTY_BODY = YES;
				CLANG_WARN_ENUM_CONVERSION = YES;
				CLANG_WARN_INFINITE_RECURSION = YES;
				CLANG_WARN_INT_CONVERSION = YES;
				CLANG_WARN_NON_LITERAL_NULL_CONVERSION = YES;
				CLANG_WARN_OBJC_IMPLICIT_RETAIN_SELF = YES;
				CLANG_WARN_OBJC_LITERAL_CONVERSION = YES;
				CLANG_WARN_OBJC_ROOT_CLASS = YES_ERROR;
				CLANG_WARN_RANGE_LOOP_ANALYSIS = YES;
				CLANG_WARN_STRICT_PROTOTYPES = YES;
				CLANG_WARN_SUSPICIOUS_MOVE = YES;
				CLANG_WARN_UNGUARDED_AVAILABILITY = YES_AGGRESSIVE;
				CLANG_WARN_UNREACHABLE_CODE = YES;
				CLANG_WARN__DUPLICATE_METHOD_MATCH = YES;
				COPY_PHASE_STRIP = NO;
				DEBUG_INFORMATION_FORMAT = dwarf;
				ENABLE_STRICT_OBJC_MSGSEND = YES;
				ENABLE_TESTABILITY = YES;
				GCC_C_LANGUAGE_STANDARD = gnu11;
				GCC_DYNAMIC_NO_PIC = NO;
				GCC_NO_COMMON_BLOCKS = YES;
				GCC_OPTIMIZATION_LEVEL = 0;
				GCC_PREPROCESSOR_DEFINITIONS = (
					"DEBUG=1",
					"$(inherited)",
				);
				GCC_WARN_64_TO_32_BIT_CONVERSION = YES;
				GCC_WARN_ABOUT_RETURN_TYPE = YES_ERROR;
				GCC_WARN_UNDECLARED_SELECTOR = YES;
				GCC_WARN_UNINITIALIZED_AUTOS = YES_AGGRESSIVE;
				GCC_WARN_UNUSED_FUNCTION = YES;
				GCC_WARN_UNUSED_VARIABLE = YES;
				IPHONEOS_DEPLOYMENT_TARGET = 13.6;
				MTL_ENABLE_DEBUG_INFO = INCLUDE_SOURCE;
				MTL_FAST_MATH = YES;
				ONLY_ACTIVE_ARCH = YES;
				SDKROOT = iphoneos;
				SWIFT_ACTIVE_COMPILATION_CONDITIONS = DEBUG;
				SWIFT_OPTIMIZATION_LEVEL = "-Onone";
			};
			name = Debug;
		};
		D88958B52535EA5F00D1D78D /* Release */ = {
			isa = XCBuildConfiguration;
			buildSettings = {
				ALWAYS_SEARCH_USER_PATHS = NO;
				CLANG_ANALYZER_NONNULL = YES;
				CLANG_ANALYZER_NUMBER_OBJECT_CONVERSION = YES_AGGRESSIVE;
				CLANG_CXX_LANGUAGE_STANDARD = "gnu++14";
				CLANG_CXX_LIBRARY = "libc++";
				CLANG_ENABLE_MODULES = YES;
				CLANG_ENABLE_OBJC_ARC = YES;
				CLANG_ENABLE_OBJC_WEAK = YES;
				CLANG_WARN_BLOCK_CAPTURE_AUTORELEASING = YES;
				CLANG_WARN_BOOL_CONVERSION = YES;
				CLANG_WARN_COMMA = YES;
				CLANG_WARN_CONSTANT_CONVERSION = YES;
				CLANG_WARN_DEPRECATED_OBJC_IMPLEMENTATIONS = YES;
				CLANG_WARN_DIRECT_OBJC_ISA_USAGE = YES_ERROR;
				CLANG_WARN_DOCUMENTATION_COMMENTS = YES;
				CLANG_WARN_EMPTY_BODY = YES;
				CLANG_WARN_ENUM_CONVERSION = YES;
				CLANG_WARN_INFINITE_RECURSION = YES;
				CLANG_WARN_INT_CONVERSION = YES;
				CLANG_WARN_NON_LITERAL_NULL_CONVERSION = YES;
				CLANG_WARN_OBJC_IMPLICIT_RETAIN_SELF = YES;
				CLANG_WARN_OBJC_LITERAL_CONVERSION = YES;
				CLANG_WARN_OBJC_ROOT_CLASS = YES_ERROR;
				CLANG_WARN_RANGE_LOOP_ANALYSIS = YES;
				CLANG_WARN_STRICT_PROTOTYPES = YES;
				CLANG_WARN_SUSPICIOUS_MOVE = YES;
				CLANG_WARN_UNGUARDED_AVAILABILITY = YES_AGGRESSIVE;
				CLANG_WARN_UNREACHABLE_CODE = YES;
				CLANG_WARN__DUPLICATE_METHOD_MATCH = YES;
				COPY_PHASE_STRIP = NO;
				DEBUG_INFORMATION_FORMAT = "dwarf-with-dsym";
				ENABLE_NS_ASSERTIONS = NO;
				ENABLE_STRICT_OBJC_MSGSEND = YES;
				GCC_C_LANGUAGE_STANDARD = gnu11;
				GCC_NO_COMMON_BLOCKS = YES;
				GCC_WARN_64_TO_32_BIT_CONVERSION = YES;
				GCC_WARN_ABOUT_RETURN_TYPE = YES_ERROR;
				GCC_WARN_UNDECLARED_SELECTOR = YES;
				GCC_WARN_UNINITIALIZED_AUTOS = YES_AGGRESSIVE;
				GCC_WARN_UNUSED_FUNCTION = YES;
				GCC_WARN_UNUSED_VARIABLE = YES;
				IPHONEOS_DEPLOYMENT_TARGET = 13.6;
				MTL_ENABLE_DEBUG_INFO = NO;
				MTL_FAST_MATH = YES;
				SDKROOT = iphoneos;
				SWIFT_COMPILATION_MODE = wholemodule;
				SWIFT_OPTIMIZATION_LEVEL = "-O";
				VALIDATE_PRODUCT = YES;
			};
			name = Release;
		};
		D88958B72535EA5F00D1D78D /* Debug */ = {
			isa = XCBuildConfiguration;
			buildSettings = {
				ASSETCATALOG_COMPILER_APPICON_NAME = AppIcon;
				CODE_SIGN_STYLE = Automatic;
				INFOPLIST_FILE = Load3dModel/Info.plist;
				LD_RUNPATH_SEARCH_PATHS = (
					"$(inherited)",
					"@executable_path/Frameworks",
				);
				PRODUCT_BUNDLE_IDENTIFIER = model3d.Load3dModel;
				PRODUCT_NAME = "$(TARGET_NAME)";
				SWIFT_VERSION = 5.0;
				TARGETED_DEVICE_FAMILY = "1,2";
			};
			name = Debug;
		};
		D88958B82535EA5F00D1D78D /* Release */ = {
			isa = XCBuildConfiguration;
			buildSettings = {
				ASSETCATALOG_COMPILER_APPICON_NAME = AppIcon;
				CODE_SIGN_STYLE = Automatic;
				INFOPLIST_FILE = Load3dModel/Info.plist;
				LD_RUNPATH_SEARCH_PATHS = (
					"$(inherited)",
					"@executable_path/Frameworks",
				);
				PRODUCT_BUNDLE_IDENTIFIER = model3d.Load3dModel;
				PRODUCT_NAME = "$(TARGET_NAME)";
				SWIFT_VERSION = 5.0;
				TARGETED_DEVICE_FAMILY = "1,2";
			};
			name = Release;
		};
/* End XCBuildConfiguration section */

/* Begin XCConfigurationList section */
		D889589D2535EA5E00D1D78D /* Build configuration list for PBXProject "Load3dModel" */ = {
			isa = XCConfigurationList;
			buildConfigurations = (
				D88958B42535EA5F00D1D78D /* Debug */,
				D88958B52535EA5F00D1D78D /* Release */,
			);
			defaultConfigurationIsVisible = 0;
			defaultConfigurationName = Release;
		};
		D88958B62535EA5F00D1D78D /* Build configuration list for PBXNativeTarget "Load3dModel" */ = {
			isa = XCConfigurationList;
			buildConfigurations = (
				D88958B72535EA5F00D1D78D /* Debug */,
				D88958B82535EA5F00D1D78D /* Release */,
			);
			defaultConfigurationIsVisible = 0;
			defaultConfigurationName = Release;
		};
/* End XCConfigurationList section */
	};
	rootObject = D889589A2535EA5E00D1D78D /* Project object */;
}
